<?xml version="1.0" encoding="utf-8"?>
<Project ToolsVersion="4.0" xmlns="http://schemas.microsoft.com/developer/msbuild/2003">
  <ItemGroup>
    <Filter Include="소스 파일">
      <UniqueIdentifier>{4FC737F1-C7A5-4376-A066-2A32D752A2FF}</UniqueIdentifier>
      <Extensions>cpp;c;cc;cxx;c++;cppm;ixx;def;odl;idl;hpj;bat;asm;asmx</Extensions>
    </Filter>
    <Filter Include="헤더 파일">
      <UniqueIdentifier>{93995380-89BD-4b04-88EB-625FBE52EBFB}</UniqueIdentifier>
      <Extensions>h;hh;hpp;hxx;h++;hm;inl;inc;ipp;xsd</Extensions>
    </Filter>
    <Filter Include="리소스 파일">
      <UniqueIdentifier>{67DA6AB6-F800-4c08-8B7A-83BB121AAD01}</UniqueIdentifier>
      <Extensions>rc;ico;cur;bmp;dlg;rc2;rct;bin;rgs;gif;jpg;jpeg;jpe;resx;tiff;tif;png;wav;mfcribbon-ms</Extensions>
    </Filter>
  </ItemGroup>
  <ItemGroup>
    <ClCompile Include="main.cpp">
      <Filter>소스 파일</Filter>
    </ClCompile>
    <ClCompile Include="UApp.cpp">
      <Filter>소스 파일</Filter>
    </ClCompile>
    <ClCompile Include="States\MainMenuState.cpp">
      <Filter>소스 파일</Filter>
    </ClCompile>
    <ClCompile Include="UObjectFactory.cpp">
      <Filter>소스 파일</Filter>
    </ClCompile>
    <ClCompile Include="GeometryGenerator.cpp">
      <Filter>소스 파일</Filter>
    </ClCompile>
    <ClCompile Include="D3D11Util.cpp">
      <Filter>소스 파일</Filter>
    </ClCompile>
    <ClCompile Include="UMeshRenderer.cpp">
      <Filter>소스 파일</Filter>
    </ClCompile>
    <ClCompile Include="UMesh.cpp">
      <Filter>소스 파일</Filter>
    </ClCompile>
    <ClCompile Include="UObject.cpp">
      <Filter>소스 파일</Filter>
    </ClCompile>
    <ClCompile Include="States\InGameState.h">
      <Filter>소스 파일</Filter>
    </ClCompile>
    <ClCompile Include="States\InGameState.cpp">
      <Filter>소스 파일</Filter>
    </ClCompile>
    <ClCompile Include="InputManager.cpp">
      <Filter>소스 파일</Filter>
    </ClCompile>
    <ClCompile Include="Time.cpp">
      <Filter>소스 파일</Filter>
    </ClCompile>
    <ClCompile Include="UBall.cpp">
      <Filter>소스 파일</Filter>
    </ClCompile>
    <ClCompile Include="UPlayer.cpp">
      <Filter>소스 파일</Filter>
    </ClCompile>
    <ClCompile Include="PhysicsComponent.cpp">
      <Filter>소스 파일</Filter>
    </ClCompile>
    <ClCompile Include="Rect.cpp">
      <Filter>소스 파일</Filter>
    </ClCompile>
    <ClCompile Include="UBlock.cpp">
      <Filter>소스 파일</Filter>
    </ClCompile>
    <ClCompile Include="States\ResultState.cpp">
      <Filter>소스 파일</Filter>
    </ClCompile>
    <ClCompile Include="Third-party\Imgui\imgui.cpp">
      <Filter>소스 파일</Filter>
    </ClCompile>
    <ClCompile Include="Third-party\Imgui\imgui_demo.cpp">
      <Filter>소스 파일</Filter>
    </ClCompile>
    <ClCompile Include="Third-party\Imgui\imgui_draw.cpp">
      <Filter>소스 파일</Filter>
    </ClCompile>
    <ClCompile Include="Third-party\Imgui\imgui_impl_dx11.cpp">
      <Filter>소스 파일</Filter>
    </ClCompile>
    <ClCompile Include="Third-party\Imgui\imgui_impl_win32.cpp">
      <Filter>소스 파일</Filter>
    </ClCompile>
    <ClCompile Include="Third-party\Imgui\imgui_tables.cpp">
      <Filter>소스 파일</Filter>
    </ClCompile>
    <ClCompile Include="Third-party\Imgui\imgui_widgets.cpp">
      <Filter>소스 파일</Filter>
    </ClCompile>
    <ClCompile Include="SoundManager.cpp">
      <Filter>소스 파일</Filter>
    </ClCompile>
  </ItemGroup>
  <ItemGroup>
    <ClInclude Include="UObject.h">
      <Filter>헤더 파일</Filter>
    </ClInclude>
    <ClInclude Include="UApp.h">
      <Filter>헤더 파일</Filter>
    </ClInclude>
    <ClInclude Include="States\IGameState.h">
      <Filter>헤더 파일</Filter>
    </ClInclude>
    <ClInclude Include="States\MainMenuState.h">
      <Filter>헤더 파일</Filter>
    </ClInclude>
    <ClInclude Include="UObjectFactory.h">
      <Filter>헤더 파일</Filter>
    </ClInclude>
    <ClInclude Include="UVector.h">
      <Filter>헤더 파일</Filter>
    </ClInclude>
    <ClInclude Include="UBall.h">
      <Filter>헤더 파일</Filter>
    </ClInclude>
    <ClInclude Include="UBlock.h">
      <Filter>헤더 파일</Filter>
    </ClInclude>
    <ClInclude Include="UMeshRenderer.h">
      <Filter>헤더 파일</Filter>
    </ClInclude>
    <ClInclude Include="UMesh.h">
      <Filter>헤더 파일</Filter>
    </ClInclude>
    <ClInclude Include="GeometryGenerator.h">
      <Filter>헤더 파일</Filter>
    </ClInclude>
    <ClInclude Include="FMeshData.h">
      <Filter>헤더 파일</Filter>
    </ClInclude>
    <ClInclude Include="FVertex.h">
      <Filter>헤더 파일</Filter>
    </ClInclude>
    <ClInclude Include="UPlayer.h">
      <Filter>헤더 파일</Filter>
    </ClInclude>
    <ClInclude Include="D3D11Util.h">
      <Filter>헤더 파일</Filter>
    </ClInclude>
    <ClInclude Include="FTransform.h">
      <Filter>헤더 파일</Filter>
    </ClInclude>
    <ClInclude Include="ConstantData.h">
      <Filter>헤더 파일</Filter>
    </ClInclude>
    <ClInclude Include="InputManager.h">
      <Filter>헤더 파일</Filter>
    </ClInclude>
    <ClInclude Include="Time.h">
      <Filter>헤더 파일</Filter>
    </ClInclude>
    <ClInclude Include="PhysicsComponent.h">
      <Filter>헤더 파일</Filter>
    </ClInclude>
    <ClInclude Include="Rect.h">
      <Filter>헤더 파일</Filter>
    </ClInclude>
    <ClInclude Include="States\ResultState.h">
      <Filter>헤더 파일</Filter>
    </ClInclude>
    <ClInclude Include="Third-party\Imgui\imstb_truetype.h">
      <Filter>헤더 파일</Filter>
    </ClInclude>
    <ClInclude Include="Third-party\Imgui\imstb_textedit.h">
      <Filter>헤더 파일</Filter>
    </ClInclude>
    <ClInclude Include="Third-party\Imgui\imconfig.h">
      <Filter>헤더 파일</Filter>
    </ClInclude>
    <ClInclude Include="Third-party\Imgui\imgui.h">
      <Filter>헤더 파일</Filter>
    </ClInclude>
    <ClInclude Include="Third-party\Imgui\imgui_impl_dx11.h">
      <Filter>헤더 파일</Filter>
    </ClInclude>
    <ClInclude Include="Third-party\Imgui\imgui_impl_win32.h">
      <Filter>헤더 파일</Filter>
    </ClInclude>
    <ClInclude Include="Third-party\Imgui\imgui_internal.h">
      <Filter>헤더 파일</Filter>
    </ClInclude>
    <ClInclude Include="Third-party\Imgui\imstb_rectpack.h">
      <Filter>헤더 파일</Filter>
    </ClInclude>
    <ClInclude Include="SoundManager.h">
      <Filter>헤더 파일</Filter>
    </ClInclude>
  </ItemGroup>
  <ItemGroup>
    <FxCompile Include="Shaders\defaultVS.hlsl" />
    <FxCompile Include="Shaders\defaultPS.hlsl" />
  </ItemGroup>
</Project>